
Microsoft Visual Studio Solution File, Format Version 12.00
Project("{2150E333-8FDC-42A3-9474-1A3956D46DE8}") = "Frontend", "Frontend", "{B5F4329C-0A80-4506-8106-528F98C3B3C6}"
EndProject
Project("{FAE04EC0-301F-11D3-BF4B-00C04F79EFBC}") = "Mango.Web", "Mango.Web\Mango.Web.csproj", "{C5A81325-38A0-4DFA-9BC1-1DD84540045F}"
EndProject
Project("{2150E333-8FDC-42A3-9474-1A3956D46DE8}") = "Services", "Services", "{7CDB3EF8-FBA7-448E-BB49-3E8CAA477422}"
EndProject
Project("{FAE04EC0-301F-11D3-BF4B-00C04F79EFBC}") = "Mango.Services.ProductAPI", "Mango.Services.ProductAPI\Mango.Services.ProductAPI.csproj", "{92932139-5776-4577-A72F-A553F208BEA8}"
EndProject
Project("{FAE04EC0-301F-11D3-BF4B-00C04F79EFBC}") = "Mango.Services.ShoppingCartAPI", "Mango.Services.ShoppingCartAPI\Mango.Services.ShoppingCartAPI.csproj", "{047F634D-50FB-4537-B39C-A123BB43C40B}"
EndProject
Project("{FAE04EC0-301F-11D3-BF4B-00C04F79EFBC}") = "Mango.Services.AzureBlobService", "Mango.Services.AzureBlobService\Mango.Services.AzureBlobService.csproj", "{A4757D8B-9C71-4AC2-B6F0-72DC448AC975}"
EndProject
Project("{FAE04EC0-301F-11D3-BF4B-00C04F79EFBC}") = "Mango.Services.CouponAPI", "Mango.Services.CouponAPI\Mango.Services.CouponAPI.csproj", "{6FE04979-37FB-4347-8937-545A1924D2A6}"
EndProject
Project("{2150E333-8FDC-42A3-9474-1A3956D46DE8}") = "Integration", "Integration", "{007F4990-F808-44CE-B171-1DCFD25C7A23}"
EndProject
Project("{FAE04EC0-301F-11D3-BF4B-00C04F79EFBC}") = "Mango.MessageBus", "Mango.MessageBus\Mango.MessageBus.csproj", "{710CFA36-FDF2-411E-9B87-DF7CBED6DFC0}"
EndProject
Project("{FAE04EC0-301F-11D3-BF4B-00C04F79EFBC}") = "Mango.Services.OrderAPI", "Mango.Services.OrderAPI\Mango.Services.OrderAPI.csproj", "{9A42C0BC-10D3-4D41-96A6-699800AB34A4}"
EndProject
Project("{2150E333-8FDC-42A3-9474-1A3956D46DE8}") = "Payments", "Payments", "{3D95FDD7-73DB-4A5C-B423-664A4BE95056}"
EndProject
Project("{FAE04EC0-301F-11D3-BF4B-00C04F79EFBC}") = "PaymentProcessor", "PaymentProcessor\PaymentProcessor.csproj", "{3F78F531-1D57-4841-9B5A-7307062DB729}"
EndProject
Project("{FAE04EC0-301F-11D3-BF4B-00C04F79EFBC}") = "Mango.Services.PaymentAPI", "Mango.Services.PaymentAPI\Mango.Services.PaymentAPI.csproj", "{76D8567C-5983-421A-8D66-ED9AEBF790B5}"
EndProject
Project("{FAE04EC0-301F-11D3-BF4B-00C04F79EFBC}") = "Mango.Services.Email", "Mango.Services.Email\Mango.Services.Email.csproj", "{3C95C2BD-CED9-4397-AF25-1313F00CE966}"
EndProject
Project("{2150E333-8FDC-42A3-9474-1A3956D46DE8}") = "Gateway", "Gateway", "{17C0BBC3-F031-45CC-95B6-A8F43B14B006}"
EndProject
Project("{FAE04EC0-301F-11D3-BF4B-00C04F79EFBC}") = "Mango.GatewaySolution", "Mango.GatewaySolution\Mango.GatewaySolution.csproj", "{17B0628D-A18D-4685-9940-32ABCC440C1D}"
EndProject
Global
	GlobalSection(SolutionConfigurationPlatforms) = preSolution
		Debug|Any CPU = Debug|Any CPU
		Release|Any CPU = Release|Any CPU
	EndGlobalSection
	GlobalSection(NestedProjects) = preSolution
		{C5A81325-38A0-4DFA-9BC1-1DD84540045F} = {B5F4329C-0A80-4506-8106-528F98C3B3C6}
		{92932139-5776-4577-A72F-A553F208BEA8} = {7CDB3EF8-FBA7-448E-BB49-3E8CAA477422}
		{047F634D-50FB-4537-B39C-A123BB43C40B} = {7CDB3EF8-FBA7-448E-BB49-3E8CAA477422}
		{A4757D8B-9C71-4AC2-B6F0-72DC448AC975} = {7CDB3EF8-FBA7-448E-BB49-3E8CAA477422}
		{6FE04979-37FB-4347-8937-545A1924D2A6} = {7CDB3EF8-FBA7-448E-BB49-3E8CAA477422}
		{710CFA36-FDF2-411E-9B87-DF7CBED6DFC0} = {007F4990-F808-44CE-B171-1DCFD25C7A23}
		{9A42C0BC-10D3-4D41-96A6-699800AB34A4} = {7CDB3EF8-FBA7-448E-BB49-3E8CAA477422}
		{3F78F531-1D57-4841-9B5A-7307062DB729} = {3D95FDD7-73DB-4A5C-B423-664A4BE95056}
		{76D8567C-5983-421A-8D66-ED9AEBF790B5} = {7CDB3EF8-FBA7-448E-BB49-3E8CAA477422}
		{3C95C2BD-CED9-4397-AF25-1313F00CE966} = {7CDB3EF8-FBA7-448E-BB49-3E8CAA477422}
		{17B0628D-A18D-4685-9940-32ABCC440C1D} = {17C0BBC3-F031-45CC-95B6-A8F43B14B006}
	EndGlobalSection
	GlobalSection(ProjectConfigurationPlatforms) = postSolution
		{C5A81325-38A0-4DFA-9BC1-1DD84540045F}.Debug|Any CPU.ActiveCfg = Debug|Any CPU
		{C5A81325-38A0-4DFA-9BC1-1DD84540045F}.Debug|Any CPU.Build.0 = Debug|Any CPU
		{C5A81325-38A0-4DFA-9BC1-1DD84540045F}.Release|Any CPU.ActiveCfg = Release|Any CPU
		{C5A81325-38A0-4DFA-9BC1-1DD84540045F}.Release|Any CPU.Build.0 = Release|Any CPU
		{92932139-5776-4577-A72F-A553F208BEA8}.Debug|Any CPU.ActiveCfg = Debug|Any CPU
		{92932139-5776-4577-A72F-A553F208BEA8}.Debug|Any CPU.Build.0 = Debug|Any CPU
		{92932139-5776-4577-A72F-A553F208BEA8}.Release|Any CPU.ActiveCfg = Release|Any CPU
		{92932139-5776-4577-A72F-A553F208BEA8}.Release|Any CPU.Build.0 = Release|Any CPU
		{047F634D-50FB-4537-B39C-A123BB43C40B}.Debug|Any CPU.ActiveCfg = Debug|Any CPU
		{047F634D-50FB-4537-B39C-A123BB43C40B}.Debug|Any CPU.Build.0 = Debug|Any CPU
		{047F634D-50FB-4537-B39C-A123BB43C40B}.Release|Any CPU.ActiveCfg = Release|Any CPU
		{047F634D-50FB-4537-B39C-A123BB43C40B}.Release|Any CPU.Build.0 = Release|Any CPU
		{A4757D8B-9C71-4AC2-B6F0-72DC448AC975}.Debug|Any CPU.ActiveCfg = Debug|Any CPU
		{A4757D8B-9C71-4AC2-B6F0-72DC448AC975}.Debug|Any CPU.Build.0 = Debug|Any CPU
		{A4757D8B-9C71-4AC2-B6F0-72DC448AC975}.Release|Any CPU.ActiveCfg = Release|Any CPU
		{A4757D8B-9C71-4AC2-B6F0-72DC448AC975}.Release|Any CPU.Build.0 = Release|Any CPU
		{6FE04979-37FB-4347-8937-545A1924D2A6}.Debug|Any CPU.ActiveCfg = Debug|Any CPU
		{6FE04979-37FB-4347-8937-545A1924D2A6}.Debug|Any CPU.Build.0 = Debug|Any CPU
		{6FE04979-37FB-4347-8937-545A1924D2A6}.Release|Any CPU.ActiveCfg = Release|Any CPU
		{6FE04979-37FB-4347-8937-545A1924D2A6}.Release|Any CPU.Build.0 = Release|Any CPU
		{710CFA36-FDF2-411E-9B87-DF7CBED6DFC0}.Debug|Any CPU.ActiveCfg = Debug|Any CPU
		{710CFA36-FDF2-411E-9B87-DF7CBED6DFC0}.Debug|Any CPU.Build.0 = Debug|Any CPU
		{710CFA36-FDF2-411E-9B87-DF7CBED6DFC0}.Release|Any CPU.ActiveCfg = Release|Any CPU
		{710CFA36-FDF2-411E-9B87-DF7CBED6DFC0}.Release|Any CPU.Build.0 = Release|Any CPU
		{9A42C0BC-10D3-4D41-96A6-699800AB34A4}.Debug|Any CPU.ActiveCfg = Debug|Any CPU
		{9A42C0BC-10D3-4D41-96A6-699800AB34A4}.Debug|Any CPU.Build.0 = Debug|Any CPU
		{9A42C0BC-10D3-4D41-96A6-699800AB34A4}.Release|Any CPU.ActiveCfg = Release|Any CPU
		{9A42C0BC-10D3-4D41-96A6-699800AB34A4}.Release|Any CPU.Build.0 = Release|Any CPU
		{3F78F531-1D57-4841-9B5A-7307062DB729}.Debug|Any CPU.ActiveCfg = Debug|Any CPU
		{3F78F531-1D57-4841-9B5A-7307062DB729}.Debug|Any CPU.Build.0 = Debug|Any CPU
		{3F78F531-1D57-4841-9B5A-7307062DB729}.Release|Any CPU.ActiveCfg = Release|Any CPU
		{3F78F531-1D57-4841-9B5A-7307062DB729}.Release|Any CPU.Build.0 = Release|Any CPU
		{76D8567C-5983-421A-8D66-ED9AEBF790B5}.Debug|Any CPU.ActiveCfg = Debug|Any CPU
		{76D8567C-5983-421A-8D66-ED9AEBF790B5}.Debug|Any CPU.Build.0 = Debug|Any CPU
		{76D8567C-5983-421A-8D66-ED9AEBF790B5}.Release|Any CPU.ActiveCfg = Release|Any CPU
		{76D8567C-5983-421A-8D66-ED9AEBF790B5}.Release|Any CPU.Build.0 = Release|Any CPU
		{3C95C2BD-CED9-4397-AF25-1313F00CE966}.Debug|Any CPU.ActiveCfg = Debug|Any CPU
		{3C95C2BD-CED9-4397-AF25-1313F00CE966}.Debug|Any CPU.Build.0 = Debug|Any CPU
		{3C95C2BD-CED9-4397-AF25-1313F00CE966}.Release|Any CPU.ActiveCfg = Release|Any CPU
		{3C95C2BD-CED9-4397-AF25-1313F00CE966}.Release|Any CPU.Build.0 = Release|Any CPU
		{17B0628D-A18D-4685-9940-32ABCC440C1D}.Debug|Any CPU.ActiveCfg = Debug|Any CPU
		{17B0628D-A18D-4685-9940-32ABCC440C1D}.Debug|Any CPU.Build.0 = Debug|Any CPU
		{17B0628D-A18D-4685-9940-32ABCC440C1D}.Release|Any CPU.ActiveCfg = Release|Any CPU
		{17B0628D-A18D-4685-9940-32ABCC440C1D}.Release|Any CPU.Build.0 = Release|Any CPU
	EndGlobalSection
EndGlobal
